{
  "object": {
    "pins": [
      {
        "package": "RSKPlaceholderTextView",
        "repositoryURL": "https://github.com/ruslanskorb/RSKPlaceholderTextView.git",
        "state": {
          "branch": null,
          "revision": "32c0ae1ca6ceedc12f99f5a8faa54b841da3bf60",
          "version": "6.0.4"
        }
      }
    ]
  },
  "version": 1
}
