{
  "pins" : [
    {
      "identity" : "rskplaceholdertextview",
      "kind" : "remoteSourceControl",
      "location" : "https://github.com/ruslanskorb/RSKPlaceholderTextView.git",
      "state" : {
        "revision" : "add98160edd2aa2784bcdf2ff1bd1a756eae825f",
        "version" : "7.0.0"
      }
    }
  ],
  "version" : 2
}
