// !$*UTF8*$!
{
	archiveVersion = 1;
	classes = {
	};
	objectVersion = 54;
	objects = {

/* Begin PBXBuildFile section */
		B811FDF11C1F31C3006CB9D6 /* AppDelegate.swift in Sources */ = {isa = PBXBuildFile; fileRef = B811FDF01C1F31C3006CB9D6 /* AppDelegate.swift */; };
		B811FDF31C1F31C3006CB9D6 /* ViewController.swift in Sources */ = {isa = PBXBuildFile; fileRef = B811FDF21C1F31C3006CB9D6 /* ViewController.swift */; };
		B811FDF61C1F31C3006CB9D6 /* Main.storyboard in Resources */ = {isa = PBXBuildFile; fileRef = B811FDF41C1F31C3006CB9D6 /* Main.storyboard */; };
		B811FDF81C1F31C3006CB9D6 /* Assets.xcassets in Resources */ = {isa = PBXBuildFile; fileRef = B811FDF71C1F31C3006CB9D6 /* Assets.xcassets */; };
		B811FDFB1C1F31C3006CB9D6 /* LaunchScreen.storyboard in Resources */ = {isa = PBXBuildFile; fileRef = B811FDF91C1F31C3006CB9D6 /* LaunchScreen.storyboard */; };
		B811FE061C1F31C4006CB9D6 /* RSKGrowingTextViewExampleUITests.swift in Sources */ = {isa = PBXBuildFile; fileRef = B811FE051C1F31C4006CB9D6 /* RSKGrowingTextViewExampleUITests.swift */; };
		B811FE141C1F33BE006CB9D6 /* RSKGrowingTextView.swift in Sources */ = {isa = PBXBuildFile; fileRef = B811FE131C1F33BE006CB9D6 /* RSKGrowingTextView.swift */; };
		B8E366A12AD68BA000191C41 /* RSKPlaceholderTextView in Frameworks */ = {isa = PBXBuildFile; productRef = B8E366A02AD68BA000191C41 /* RSKPlaceholderTextView */; };
/* End PBXBuildFile section */

/* Begin PBXContainerItemProxy section */
		B811FE021C1F31C4006CB9D6 /* PBXContainerItemProxy */ = {
			isa = PBXContainerItemProxy;
			containerPortal = B811FDE51C1F31C3006CB9D6 /* Project object */;
			proxyType = 1;
			remoteGlobalIDString = B811FDEC1C1F31C3006CB9D6;
			remoteInfo = RSKGrowingTextViewExample;
		};
/* End PBXContainerItemProxy section */

/* Begin PBXFileReference section */
		B811FDED1C1F31C3006CB9D6 /* RSKGrowingTextViewExample.app */ = {isa = PBXFileReference; explicitFileType = wrapper.application; includeInIndex = 0; path = RSKGrowingTextViewExample.app; sourceTree = BUILT_PRODUCTS_DIR; };
		B811FDF01C1F31C3006CB9D6 /* AppDelegate.swift */ = {isa = PBXFileReference; lastKnownFileType = sourcecode.swift; path = AppDelegate.swift; sourceTree = "<group>"; };
		B811FDF21C1F31C3006CB9D6 /* ViewController.swift */ = {isa = PBXFileReference; lastKnownFileType = sourcecode.swift; path = ViewController.swift; sourceTree = "<group>"; };
		B811FDF51C1F31C3006CB9D6 /* Base */ = {isa = PBXFileReference; lastKnownFileType = file.storyboard; name = Base; path = Base.lproj/Main.storyboard; sourceTree = "<group>"; };
		B811FDF71C1F31C3006CB9D6 /* Assets.xcassets */ = {isa = PBXFileReference; lastKnownFileType = folder.assetcatalog; path = Assets.xcassets; sourceTree = "<group>"; };
		B811FDFA1C1F31C3006CB9D6 /* Base */ = {isa = PBXFileReference; lastKnownFileType = file.storyboard; name = Base; path = Base.lproj/LaunchScreen.storyboard; sourceTree = "<group>"; };
		B811FDFC1C1F31C3006CB9D6 /* Info.plist */ = {isa = PBXFileReference; lastKnownFileType = text.plist.xml; path = Info.plist; sourceTree = "<group>"; };
		B811FE011C1F31C4006CB9D6 /* RSKGrowingTextViewExampleUITests.xctest */ = {isa = PBXFileReference; explicitFileType = wrapper.cfbundle; includeInIndex = 0; path = RSKGrowingTextViewExampleUITests.xctest; sourceTree = BUILT_PRODUCTS_DIR; };
		B811FE051C1F31C4006CB9D6 /* RSKGrowingTextViewExampleUITests.swift */ = {isa = PBXFileReference; lastKnownFileType = sourcecode.swift; path = RSKGrowingTextViewExampleUITests.swift; sourceTree = "<group>"; };
		B811FE071C1F31C4006CB9D6 /* Info.plist */ = {isa = PBXFileReference; lastKnownFileType = text.plist.xml; path = Info.plist; sourceTree = "<group>"; };
		B811FE131C1F33BE006CB9D6 /* RSKGrowingTextView.swift */ = {isa = PBXFileReference; fileEncoding = 4; lastKnownFileType = sourcecode.swift; path = RSKGrowingTextView.swift; sourceTree = "<group>"; };
		B89639061C3A508200270ECF /* RSKGrowingTextView.h */ = {isa = PBXFileReference; lastKnownFileType = sourcecode.c.h; path = RSKGrowingTextView.h; sourceTree = "<group>"; };
		B89639071C3A50D600270ECF /* RSKGrowingTextViewExample-Bridging-Header.h */ = {isa = PBXFileReference; lastKnownFileType = sourcecode.c.h; path = "RSKGrowingTextViewExample-Bridging-Header.h"; sourceTree = "<group>"; };
/* End PBXFileReference section */

/* Begin PBXFrameworksBuildPhase section */
		B811FDEA1C1F31C3006CB9D6 /* Frameworks */ = {
			isa = PBXFrameworksBuildPhase;
			buildActionMask = 2147483647;
			files = (
				B8E366A12AD68BA000191C41 /* RSKPlaceholderTextView in Frameworks */,
			);
			runOnlyForDeploymentPostprocessing = 0;
		};
		B811FDFE1C1F31C3006CB9D6 /* Frameworks */ = {
			isa = PBXFrameworksBuildPhase;
			buildActionMask = 2147483647;
			files = (
			);
			runOnlyForDeploymentPostprocessing = 0;
		};
/* End PBXFrameworksBuildPhase section */

/* Begin PBXGroup section */
		B811FDE41C1F31C3006CB9D6 = {
			isa = PBXGroup;
			children = (
				B811FDEF1C1F31C3006CB9D6 /* RSKGrowingTextViewExample */,
				B811FE041C1F31C4006CB9D6 /* RSKGrowingTextViewExampleUITests */,
				B811FE111C1F33A6006CB9D6 /* Vendor */,
				B811FDEE1C1F31C3006CB9D6 /* Products */,
			);
			sourceTree = "<group>";
		};
		B811FDEE1C1F31C3006CB9D6 /* Products */ = {
			isa = PBXGroup;
			children = (
				B811FDED1C1F31C3006CB9D6 /* RSKGrowingTextViewExample.app */,
				B811FE011C1F31C4006CB9D6 /* RSKGrowingTextViewExampleUITests.xctest */,
			);
			name = Products;
			sourceTree = "<group>";
		};
		B811FDEF1C1F31C3006CB9D6 /* RSKGrowingTextViewExample */ = {
			isa = PBXGroup;
			children = (
				B811FDF01C1F31C3006CB9D6 /* AppDelegate.swift */,
				B89639071C3A50D600270ECF /* RSKGrowingTextViewExample-Bridging-Header.h */,
				B811FDF21C1F31C3006CB9D6 /* ViewController.swift */,
				B811FDF41C1F31C3006CB9D6 /* Main.storyboard */,
				B811FDF71C1F31C3006CB9D6 /* Assets.xcassets */,
				B811FDF91C1F31C3006CB9D6 /* LaunchScreen.storyboard */,
				B811FDFC1C1F31C3006CB9D6 /* Info.plist */,
			);
			path = RSKGrowingTextViewExample;
			sourceTree = "<group>";
		};
		B811FE041C1F31C4006CB9D6 /* RSKGrowingTextViewExampleUITests */ = {
			isa = PBXGroup;
			children = (
				B811FE051C1F31C4006CB9D6 /* RSKGrowingTextViewExampleUITests.swift */,
				B811FE071C1F31C4006CB9D6 /* Info.plist */,
			);
			path = RSKGrowingTextViewExampleUITests;
			sourceTree = "<group>";
		};
		B811FE111C1F33A6006CB9D6 /* Vendor */ = {
			isa = PBXGroup;
			children = (
				B811FE121C1F33BE006CB9D6 /* RSKGrowingTextView */,
			);
			name = Vendor;
			sourceTree = "<group>";
		};
		B811FE121C1F33BE006CB9D6 /* RSKGrowingTextView */ = {
			isa = PBXGroup;
			children = (
				B89639061C3A508200270ECF /* RSKGrowingTextView.h */,
				B811FE131C1F33BE006CB9D6 /* RSKGrowingTextView.swift */,
			);
			name = RSKGrowingTextView;
			path = ../RSKGrowingTextView;
			sourceTree = "<group>";
		};
/* End PBXGroup section */

/* Begin PBXNativeTarget section */
		B811FDEC1C1F31C3006CB9D6 /* RSKGrowingTextViewExample */ = {
			isa = PBXNativeTarget;
			buildConfigurationList = B811FE0A1C1F31C4006CB9D6 /* Build configuration list for PBXNativeTarget "RSKGrowingTextViewExample" */;
			buildPhases = (
				B811FDE91C1F31C3006CB9D6 /* Sources */,
				B811FDEA1C1F31C3006CB9D6 /* Frameworks */,
				B811FDEB1C1F31C3006CB9D6 /* Resources */,
			);
			buildRules = (
			);
			dependencies = (
			);
			name = RSKGrowingTextViewExample;
			packageProductDependencies = (
				B8E366A02AD68BA000191C41 /* RSKPlaceholderTextView */,
			);
			productName = RSKGrowingTextViewExample;
			productReference = B811FDED1C1F31C3006CB9D6 /* RSKGrowingTextViewExample.app */;
			productType = "com.apple.product-type.application";
		};
		B811FE001C1F31C3006CB9D6 /* RSKGrowingTextViewExampleUITests */ = {
			isa = PBXNativeTarget;
			buildConfigurationList = B811FE0D1C1F31C4006CB9D6 /* Build configuration list for PBXNativeTarget "RSKGrowingTextViewExampleUITests" */;
			buildPhases = (
				B811FDFD1C1F31C3006CB9D6 /* Sources */,
				B811FDFE1C1F31C3006CB9D6 /* Frameworks */,
				B811FDFF1C1F31C3006CB9D6 /* Resources */,
			);
			buildRules = (
			);
			dependencies = (
				B811FE031C1F31C4006CB9D6 /* PBXTargetDependency */,
			);
			name = RSKGrowingTextViewExampleUITests;
			productName = RSKGrowingTextViewExampleUITests;
			productReference = B811FE011C1F31C4006CB9D6 /* RSKGrowingTextViewExampleUITests.xctest */;
			productType = "com.apple.product-type.bundle.ui-testing";
		};
/* End PBXNativeTarget section */

/* Begin PBXProject section */
		B811FDE51C1F31C3006CB9D6 /* Project object */ = {
			isa = PBXProject;
			attributes = {
				BuildIndependentTargetsInParallel = YES;
				LastSwiftUpdateCheck = 0720;
				LastUpgradeCheck = 1500;
				ORGANIZATIONNAME = "Ruslan Skorb";
				TargetAttributes = {
					B811FDEC1C1F31C3006CB9D6 = {
						CreatedOnToolsVersion = 7.2;
						DevelopmentTeam = J3P7YV7464;
						LastSwiftMigration = "";
					};
					B811FE001C1F31C3006CB9D6 = {
						CreatedOnToolsVersion = 7.2;
						DevelopmentTeam = J3P7YV7464;
						LastSwiftMigration = "";
						TestTargetID = B811FDEC1C1F31C3006CB9D6;
					};
				};
			};
			buildConfigurationList = B811FDE81C1F31C3006CB9D6 /* Build configuration list for PBXProject "RSKGrowingTextViewExample" */;
			compatibilityVersion = "Xcode 3.2";
			developmentRegion = en;
			hasScannedForEncodings = 0;
			knownRegions = (
				en,
				Base,
			);
			mainGroup = B811FDE41C1F31C3006CB9D6;
			packageReferences = (
				B8E3669F2AD68BA000191C41 /* XCRemoteSwiftPackageReference "RSKPlaceholderTextView" */,
			);
			productRefGroup = B811FDEE1C1F31C3006CB9D6 /* Products */;
			projectDirPath = "";
			projectRoot = "";
			targets = (
				B811FDEC1C1F31C3006CB9D6 /* RSKGrowingTextViewExample */,
				B811FE001C1F31C3006CB9D6 /* RSKGrowingTextViewExampleUITests */,
			);
		};
/* End PBXProject section */

/* Begin PBXResourcesBuildPhase section */
		B811FDEB1C1F31C3006CB9D6 /* Resources */ = {
			isa = PBXResourcesBuildPhase;
			buildActionMask = 2147483647;
			files = (
				B811FDFB1C1F31C3006CB9D6 /* LaunchScreen.storyboard in Resources */,
				B811FDF81C1F31C3006CB9D6 /* Assets.xcassets in Resources */,
				B811FDF61C1F31C3006CB9D6 /* Main.storyboard in Resources */,
			);
			runOnlyForDeploymentPostprocessing = 0;
		};
		B811FDFF1C1F31C3006CB9D6 /* Resources */ = {
			isa = PBXResourcesBuildPhase;
			buildActionMask = 2147483647;
			files = (
			);
			runOnlyForDeploymentPostprocessing = 0;
		};
/* End PBXResourcesBuildPhase section */

/* Begin PBXSourcesBuildPhase section */
		B811FDE91C1F31C3006CB9D6 /* Sources */ = {
			isa = PBXSourcesBuildPhase;
			buildActionMask = 2147483647;
			files = (
				B811FDF31C1F31C3006CB9D6 /* ViewController.swift in Sources */,
				B811FE141C1F33BE006CB9D6 /* RSKGrowingTextView.swift in Sources */,
				B811FDF11C1F31C3006CB9D6 /* AppDelegate.swift in Sources */,
			);
			runOnlyForDeploymentPostprocessing = 0;
		};
		B811FDFD1C1F31C3006CB9D6 /* Sources */ = {
			isa = PBXSourcesBuildPhase;
			buildActionMask = 2147483647;
			files = (
				B811FE061C1F31C4006CB9D6 /* RSKGrowingTextViewExampleUITests.swift in Sources */,
			);
			runOnlyForDeploymentPostprocessing = 0;
		};
/* End PBXSourcesBuildPhase section */

/* Begin PBXTargetDependency section */
		B811FE031C1F31C4006CB9D6 /* PBXTargetDependency */ = {
			isa = PBXTargetDependency;
			target = B811FDEC1C1F31C3006CB9D6 /* RSKGrowingTextViewExample */;
			targetProxy = B811FE021C1F31C4006CB9D6 /* PBXContainerItemProxy */;
		};
/* End PBXTargetDependency section */

/* Begin PBXVariantGroup section */
		B811FDF41C1F31C3006CB9D6 /* Main.storyboard */ = {
			isa = PBXVariantGroup;
			children = (
				B811FDF51C1F31C3006CB9D6 /* Base */,
			);
			name = Main.storyboard;
			sourceTree = "<group>";
		};
		B811FDF91C1F31C3006CB9D6 /* LaunchScreen.storyboard */ = {
			isa = PBXVariantGroup;
			children = (
				B811FDFA1C1F31C3006CB9D6 /* Base */,
			);
			name = LaunchScreen.storyboard;
			sourceTree = "<group>";
		};
/* End PBXVariantGroup section */

/* Begin XCBuildConfiguration section */
		B811FE081C1F31C4006CB9D6 /* Debug */ = {
			isa = XCBuildConfiguration;
			buildSettings = {
				ALWAYS_SEARCH_USER_PATHS = NO;
				CLANG_ANALYZER_LOCALIZABILITY_NONLOCALIZED = YES;
				CLANG_CXX_LANGUAGE_STANDARD = "gnu++0x";
				CLANG_CXX_LIBRARY = "libc++";
				CLANG_ENABLE_MODULES = YES;
				CLANG_ENABLE_OBJC_ARC = YES;
				CLANG_WARN_BLOCK_CAPTURE_AUTORELEASING = YES;
				CLANG_WARN_BOOL_CONVERSION = YES;
				CLANG_WARN_COMMA = YES;
				CLANG_WARN_CONSTANT_CONVERSION = YES;
				CLANG_WARN_DEPRECATED_OBJC_IMPLEMENTATIONS = YES;
				CLANG_WARN_DIRECT_OBJC_ISA_USAGE = YES_ERROR;
				CLANG_WARN_EMPTY_BODY = YES;
				CLANG_WARN_ENUM_CONVERSION = YES;
				CLANG_WARN_INFINITE_RECURSION = YES;
				CLANG_WARN_INT_CONVERSION = YES;
				CLANG_WARN_NON_LITERAL_NULL_CONVERSION = YES;
				CLANG_WARN_OBJC_IMPLICIT_RETAIN_SELF = YES;
				CLANG_WARN_OBJC_LITERAL_CONVERSION = YES;
				CLANG_WARN_OBJC_ROOT_CLASS = YES_ERROR;
				CLANG_WARN_QUOTED_INCLUDE_IN_FRAMEWORK_HEADER = YES;
				CLANG_WARN_RANGE_LOOP_ANALYSIS = YES;
				CLANG_WARN_STRICT_PROTOTYPES = YES;
				CLANG_WARN_SUSPICIOUS_MOVE = YES;
				CLANG_WARN_UNREACHABLE_CODE = YES;
				CLANG_WARN__DUPLICATE_METHOD_MATCH = YES;
				"CODE_SIGN_IDENTITY[sdk=iphoneos*]" = "iPhone Developer";
				COPY_PHASE_STRIP = NO;
				DEBUG_INFORMATION_FORMAT = dwarf;
				ENABLE_STRICT_OBJC_MSGSEND = YES;
				ENABLE_TESTABILITY = YES;
				ENABLE_USER_SCRIPT_SANDBOXING = YES;
				GCC_C_LANGUAGE_STANDARD = gnu99;
				GCC_DYNAMIC_NO_PIC = NO;
				GCC_NO_COMMON_BLOCKS = YES;
				GCC_OPTIMIZATION_LEVEL = 0;
				GCC_PREPROCESSOR_DEFINITIONS = (
					"DEBUG=1",
					"$(inherited)",
				);
				GCC_WARN_64_TO_32_BIT_CONVERSION = YES;
				GCC_WARN_ABOUT_RETURN_TYPE = YES_ERROR;
				GCC_WARN_UNDECLARED_SELECTOR = YES;
				GCC_WARN_UNINITIALIZED_AUTOS = YES_AGGRESSIVE;
				GCC_WARN_UNUSED_FUNCTION = YES;
				GCC_WARN_UNUSED_VARIABLE = YES;
				IPHONEOS_DEPLOYMENT_TARGET = 12.0;
				MTL_ENABLE_DEBUG_INFO = YES;
				ONLY_ACTIVE_ARCH = YES;
				SDKROOT = iphoneos;
				SWIFT_OPTIMIZATION_LEVEL = "-Onone";
			};
			name = Debug;
		};
		B811FE091C1F31C4006CB9D6 /* Release */ = {
			isa = XCBuildConfiguration;
			buildSettings = {
				ALWAYS_SEARCH_USER_PATHS = NO;
				CLANG_ANALYZER_LOCALIZABILITY_NONLOCALIZED = YES;
				CLANG_CXX_LANGUAGE_STANDARD = "gnu++0x";
				CLANG_CXX_LIBRARY = "libc++";
				CLANG_ENABLE_MODULES = YES;
				CLANG_ENABLE_OBJC_ARC = YES;
				CLANG_WARN_BLOCK_CAPTURE_AUTORELEASING = YES;
				CLANG_WARN_BOOL_CONVERSION = YES;
				CLANG_WARN_COMMA = YES;
				CLANG_WARN_CONSTANT_CONVERSION = YES;
				CLANG_WARN_DEPRECATED_OBJC_IMPLEMENTATIONS = YES;
				CLANG_WARN_DIRECT_OBJC_ISA_USAGE = YES_ERROR;
				CLANG_WARN_EMPTY_BODY = YES;
				CLANG_WARN_ENUM_CONVERSION = YES;
				CLANG_WARN_INFINITE_RECURSION = YES;
				CLANG_WARN_INT_CONVERSION = YES;
				CLANG_WARN_NON_LITERAL_NULL_CONVERSION = YES;
				CLANG_WARN_OBJC_IMPLICIT_RETAIN_SELF = YES;
				CLANG_WARN_OBJC_LITERAL_CONVERSION = YES;
				CLANG_WARN_OBJC_ROOT_CLASS = YES_ERROR;
				CLANG_WARN_QUOTED_INCLUDE_IN_FRAMEWORK_HEADER = YES;
				CLANG_WARN_RANGE_LOOP_ANALYSIS = YES;
				CLANG_WARN_STRICT_PROTOTYPES = YES;
				CLANG_WARN_SUSPICIOUS_MOVE = YES;
				CLANG_WARN_UNREACHABLE_CODE = YES;
				CLANG_WARN__DUPLICATE_METHOD_MATCH = YES;
				"CODE_SIGN_IDENTITY[sdk=iphoneos*]" = "iPhone Developer";
				COPY_PHASE_STRIP = NO;
				DEBUG_INFORMATION_FORMAT = "dwarf-with-dsym";
				ENABLE_NS_ASSERTIONS = NO;
				ENABLE_STRICT_OBJC_MSGSEND = YES;
				ENABLE_USER_SCRIPT_SANDBOXING = YES;
				GCC_C_LANGUAGE_STANDARD = gnu99;
				GCC_NO_COMMON_BLOCKS = YES;
				GCC_WARN_64_TO_32_BIT_CONVERSION = YES;
				GCC_WARN_ABOUT_RETURN_TYPE = YES_ERROR;
				GCC_WARN_UNDECLARED_SELECTOR = YES;
				GCC_WARN_UNINITIALIZED_AUTOS = YES_AGGRESSIVE;
				GCC_WARN_UNUSED_FUNCTION = YES;
				GCC_WARN_UNUSED_VARIABLE = YES;
				IPHONEOS_DEPLOYMENT_TARGET = 12.0;
				MTL_ENABLE_DEBUG_INFO = NO;
				SDKROOT = iphoneos;
				SWIFT_COMPILATION_MODE = wholemodule;
				SWIFT_OPTIMIZATION_LEVEL = "-O";
				VALIDATE_PRODUCT = YES;
			};
			name = Release;
		};
		B811FE0B1C1F31C4006CB9D6 /* Debug */ = {
			isa = XCBuildConfiguration;
			buildSettings = {
				ASSETCATALOG_COMPILER_APPICON_NAME = AppIcon;
				DEVELOPMENT_TEAM = J3P7YV7464;
				INFOPLIST_FILE = RSKGrowingTextViewExample/Info.plist;
				LD_RUNPATH_SEARCH_PATHS = (
					"$(inherited)",
					"@executable_path/Frameworks",
				);
				MARKETING_VERSION = 8.0.0;
				PRODUCT_BUNDLE_IDENTIFIER = com.ruslanskorb.RSKGrowingTextViewExample;
				PRODUCT_NAME = "$(TARGET_NAME)";
				SWIFT_OBJC_BRIDGING_HEADER = "RSKGrowingTextViewExample/RSKGrowingTextViewExample-Bridging-Header.h";
				SWIFT_STRICT_CONCURRENCY = complete;
				SWIFT_VERSION = 5.0;
			};
			name = Debug;
		};
		B811FE0C1C1F31C4006CB9D6 /* Release */ = {
			isa = XCBuildConfiguration;
			buildSettings = {
				ASSETCATALOG_COMPILER_APPICON_NAME = AppIcon;
				DEVELOPMENT_TEAM = J3P7YV7464;
				INFOPLIST_FILE = RSKGrowingTextViewExample/Info.plist;
				LD_RUNPATH_SEARCH_PATHS = (
					"$(inherited)",
					"@executable_path/Frameworks",
				);
				MARKETING_VERSION = 8.0.0;
				PRODUCT_BUNDLE_IDENTIFIER = com.ruslanskorb.RSKGrowingTextViewExample;
				PRODUCT_NAME = "$(TARGET_NAME)";
				SWIFT_OBJC_BRIDGING_HEADER = "RSKGrowingTextViewExample/RSKGrowingTextViewExample-Bridging-Header.h";
				SWIFT_STRICT_CONCURRENCY = complete;
				SWIFT_VERSION = 5.0;
			};
			name = Release;
		};
		B811FE0E1C1F31C4006CB9D6 /* Debug */ = {
			isa = XCBuildConfiguration;
			buildSettings = {
				DEVELOPMENT_TEAM = J3P7YV7464;
				INFOPLIST_FILE = RSKGrowingTextViewExampleUITests/Info.plist;
				IPHONEOS_DEPLOYMENT_TARGET = 12.0;
				LD_RUNPATH_SEARCH_PATHS = (
					"$(inherited)",
					"@executable_path/Frameworks",
					"@loader_path/Frameworks",
				);
				PRODUCT_BUNDLE_IDENTIFIER = com.ruslanskorb.RSKGrowingTextViewExampleUITests;
				PRODUCT_NAME = "$(TARGET_NAME)";
				SWIFT_SWIFT3_OBJC_INFERENCE = On;
				SWIFT_VERSION = 5.0;
				TEST_TARGET_NAME = RSKGrowingTextViewExample;
				USES_XCTRUNNER = YES;
			};
			name = Debug;
		};
		B811FE0F1C1F31C4006CB9D6 /* Release */ = {
			isa = XCBuildConfiguration;
			buildSettings = {
				DEVELOPMENT_TEAM = J3P7YV7464;
				INFOPLIST_FILE = RSKGrowingTextViewExampleUITests/Info.plist;
				IPHONEOS_DEPLOYMENT_TARGET = 12.0;
				LD_RUNPATH_SEARCH_PATHS = (
					"$(inherited)",
					"@executable_path/Frameworks",
					"@loader_path/Frameworks",
				);
				PRODUCT_BUNDLE_IDENTIFIER = com.ruslanskorb.RSKGrowingTextViewExampleUITests;
				PRODUCT_NAME = "$(TARGET_NAME)";
				SWIFT_SWIFT3_OBJC_INFERENCE = On;
				SWIFT_VERSION = 5.0;
				TEST_TARGET_NAME = RSKGrowingTextViewExample;
				USES_XCTRUNNER = YES;
			};
			name = Release;
		};
/* End XCBuildConfiguration section */

/* Begin XCConfigurationList section */
		B811FDE81C1F31C3006CB9D6 /* Build configuration list for PBXProject "RSKGrowingTextViewExample" */ = {
			isa = XCConfigurationList;
			buildConfigurations = (
				B811FE081C1F31C4006CB9D6 /* Debug */,
				B811FE091C1F31C4006CB9D6 /* Release */,
			);
			defaultConfigurationIsVisible = 0;
			defaultConfigurationName = Release;
		};
		B811FE0A1C1F31C4006CB9D6 /* Build configuration list for PBXNativeTarget "RSKGrowingTextViewExample" */ = {
			isa = XCConfigurationList;
			buildConfigurations = (
				B811FE0B1C1F31C4006CB9D6 /* Debug */,
				B811FE0C1C1F31C4006CB9D6 /* Release */,
			);
			defaultConfigurationIsVisible = 0;
			defaultConfigurationName = Release;
		};
		B811FE0D1C1F31C4006CB9D6 /* Build configuration list for PBXNativeTarget "RSKGrowingTextViewExampleUITests" */ = {
			isa = XCConfigurationList;
			buildConfigurations = (
				B811FE0E1C1F31C4006CB9D6 /* Debug */,
				B811FE0F1C1F31C4006CB9D6 /* Release */,
			);
			defaultConfigurationIsVisible = 0;
			defaultConfigurationName = Release;
		};
/* End XCConfigurationList section */

/* Begin XCRemoteSwiftPackageReference section */
		B8E3669F2AD68BA000191C41 /* XCRemoteSwiftPackageReference "RSKPlaceholderTextView" */ = {
			isa = XCRemoteSwiftPackageReference;
			repositoryURL = "https://github.com/ruslanskorb/RSKPlaceholderTextView";
			requirement = {
				kind = exactVersion;
				version = 8.0.0;
			};
		};
/* End XCRemoteSwiftPackageReference section */

/* Begin XCSwiftPackageProductDependency section */
		B8E366A02AD68BA000191C41 /* RSKPlaceholderTextView */ = {
			isa = XCSwiftPackageProductDependency;
			package = B8E3669F2AD68BA000191C41 /* XCRemoteSwiftPackageReference "RSKPlaceholderTextView" */;
			productName = RSKPlaceholderTextView;
		};
/* End XCSwiftPackageProductDependency section */
	};
	rootObject = B811FDE51C1F31C3006CB9D6 /* Project object */;
}
