// !$*UTF8*$!
{
	archiveVersion = 1;
	classes = {
	};
	objectVersion = 46;
	objects = {

/* Begin PBXBuildFile section */
		B811FDF11C1F31C3006CB9D6 /* AppDelegate.swift in Sources */ = {isa = PBXBuildFile; fileRef = B811FDF01C1F31C3006CB9D6 /* AppDelegate.swift */; };
		B811FDF31C1F31C3006CB9D6 /* ViewController.swift in Sources */ = {isa = PBXBuildFile; fileRef = B811FDF21C1F31C3006CB9D6 /* ViewController.swift */; };
		B811FDF61C1F31C3006CB9D6 /* Main.storyboard in Resources */ = {isa = PBXBuildFile; fileRef = B811FDF41C1F31C3006CB9D6 /* Main.storyboard */; };
		B811FDF81C1F31C3006CB9D6 /* Assets.xcassets in Resources */ = {isa = PBXBuildFile; fileRef = B811FDF71C1F31C3006CB9D6 /* Assets.xcassets */; };
		B811FDFB1C1F31C3006CB9D6 /* LaunchScreen.storyboard in Resources */ = {isa = PBXBuildFile; fileRef = B811FDF91C1F31C3006CB9D6 /* LaunchScreen.storyboard */; };
		B811FE061C1F31C4006CB9D6 /* RSKGrowingTextViewExampleUITests.swift in Sources */ = {isa = PBXBuildFile; fileRef = B811FE051C1F31C4006CB9D6 /* RSKGrowingTextViewExampleUITests.swift */; };
		B811FE141C1F33BE006CB9D6 /* RSKGrowingTextView.swift in Sources */ = {isa = PBXBuildFile; fileRef = B811FE131C1F33BE006CB9D6 /* RSKGrowingTextView.swift */; };
		EBBBE96936DFE64A9B1E10E9 /* Pods_RSKGrowingTextViewExample.framework in Frameworks */ = {isa = PBXBuildFile; fileRef = 1BAEBFB07B8E5E2B195AB8D1 /* Pods_RSKGrowingTextViewExample.framework */; };
/* End PBXBuildFile section */

/* Begin PBXContainerItemProxy section */
		B811FE021C1F31C4006CB9D6 /* PBXContainerItemProxy */ = {
			isa = PBXContainerItemProxy;
			containerPortal = B811FDE51C1F31C3006CB9D6 /* Project object */;
			proxyType = 1;
			remoteGlobalIDString = B811FDEC1C1F31C3006CB9D6;
			remoteInfo = RSKGrowingTextViewExample;
		};
/* End PBXContainerItemProxy section */

/* Begin PBXFileReference section */
		1BAEBFB07B8E5E2B195AB8D1 /* Pods_RSKGrowingTextViewExample.framework */ = {isa = PBXFileReference; explicitFileType = wrapper.framework; includeInIndex = 0; path = Pods_RSKGrowingTextViewExample.framework; sourceTree = BUILT_PRODUCTS_DIR; };
		2648B6332756FC24D0CD8128 /* Pods-RSKGrowingTextViewExample.release.xcconfig */ = {isa = PBXFileReference; includeInIndex = 1; lastKnownFileType = text.xcconfig; name = "Pods-RSKGrowingTextViewExample.release.xcconfig"; path = "Pods/Target Support Files/Pods-RSKGrowingTextViewExample/Pods-RSKGrowingTextViewExample.release.xcconfig"; sourceTree = "<group>"; };
		48E3C5834528672165C6E633 /* Pods-RSKGrowingTextViewExample.debug.xcconfig */ = {isa = PBXFileReference; includeInIndex = 1; lastKnownFileType = text.xcconfig; name = "Pods-RSKGrowingTextViewExample.debug.xcconfig"; path = "Pods/Target Support Files/Pods-RSKGrowingTextViewExample/Pods-RSKGrowingTextViewExample.debug.xcconfig"; sourceTree = "<group>"; };
		B811FDED1C1F31C3006CB9D6 /* RSKGrowingTextViewExample.app */ = {isa = PBXFileReference; explicitFileType = wrapper.application; includeInIndex = 0; path = RSKGrowingTextViewExample.app; sourceTree = BUILT_PRODUCTS_DIR; };
		B811FDF01C1F31C3006CB9D6 /* AppDelegate.swift */ = {isa = PBXFileReference; lastKnownFileType = sourcecode.swift; path = AppDelegate.swift; sourceTree = "<group>"; };
		B811FDF21C1F31C3006CB9D6 /* ViewController.swift */ = {isa = PBXFileReference; lastKnownFileType = sourcecode.swift; path = ViewController.swift; sourceTree = "<group>"; };
		B811FDF51C1F31C3006CB9D6 /* Base */ = {isa = PBXFileReference; lastKnownFileType = file.storyboard; name = Base; path = Base.lproj/Main.storyboard; sourceTree = "<group>"; };
		B811FDF71C1F31C3006CB9D6 /* Assets.xcassets */ = {isa = PBXFileReference; lastKnownFileType = folder.assetcatalog; path = Assets.xcassets; sourceTree = "<group>"; };
		B811FDFA1C1F31C3006CB9D6 /* Base */ = {isa = PBXFileReference; lastKnownFileType = file.storyboard; name = Base; path = Base.lproj/LaunchScreen.storyboard; sourceTree = "<group>"; };
		B811FDFC1C1F31C3006CB9D6 /* Info.plist */ = {isa = PBXFileReference; lastKnownFileType = text.plist.xml; path = Info.plist; sourceTree = "<group>"; };
		B811FE011C1F31C4006CB9D6 /* RSKGrowingTextViewExampleUITests.xctest */ = {isa = PBXFileReference; explicitFileType = wrapper.cfbundle; includeInIndex = 0; path = RSKGrowingTextViewExampleUITests.xctest; sourceTree = BUILT_PRODUCTS_DIR; };
		B811FE051C1F31C4006CB9D6 /* RSKGrowingTextViewExampleUITests.swift */ = {isa = PBXFileReference; lastKnownFileType = sourcecode.swift; path = RSKGrowingTextViewExampleUITests.swift; sourceTree = "<group>"; };
		B811FE071C1F31C4006CB9D6 /* Info.plist */ = {isa = PBXFileReference; lastKnownFileType = text.plist.xml; path = Info.plist; sourceTree = "<group>"; };
		B811FE131C1F33BE006CB9D6 /* RSKGrowingTextView.swift */ = {isa = PBXFileReference; fileEncoding = 4; lastKnownFileType = sourcecode.swift; path = RSKGrowingTextView.swift; sourceTree = "<group>"; };
		B89639061C3A508200270ECF /* RSKGrowingTextView.h */ = {isa = PBXFileReference; lastKnownFileType = sourcecode.c.h; path = RSKGrowingTextView.h; sourceTree = "<group>"; };
		B89639071C3A50D600270ECF /* RSKGrowingTextViewExample-Bridging-Header.h */ = {isa = PBXFileReference; lastKnownFileType = sourcecode.c.h; path = "RSKGrowingTextViewExample-Bridging-Header.h"; sourceTree = "<group>"; };
/* End PBXFileReference section */

/* Begin PBXFrameworksBuildPhase section */
		B811FDEA1C1F31C3006CB9D6 /* Frameworks */ = {
			isa = PBXFrameworksBuildPhase;
			buildActionMask = 2147483647;
			files = (
				EBBBE96936DFE64A9B1E10E9 /* Pods_RSKGrowingTextViewExample.framework in Frameworks */,
			);
			runOnlyForDeploymentPostprocessing = 0;
		};
		B811FDFE1C1F31C3006CB9D6 /* Frameworks */ = {
			isa = PBXFrameworksBuildPhase;
			buildActionMask = 2147483647;
			files = (
			);
			runOnlyForDeploymentPostprocessing = 0;
		};
/* End PBXFrameworksBuildPhase section */

/* Begin PBXGroup section */
		2FC5EBDEA5F220A5F80E81B1 /* Frameworks */ = {
			isa = PBXGroup;
			children = (
				1BAEBFB07B8E5E2B195AB8D1 /* Pods_RSKGrowingTextViewExample.framework */,
			);
			name = Frameworks;
			sourceTree = "<group>";
		};
		5C6E4F4811C476C4321E8043 /* Pods */ = {
			isa = PBXGroup;
			children = (
				48E3C5834528672165C6E633 /* Pods-RSKGrowingTextViewExample.debug.xcconfig */,
				2648B6332756FC24D0CD8128 /* Pods-RSKGrowingTextViewExample.release.xcconfig */,
			);
			name = Pods;
			sourceTree = "<group>";
		};
		B811FDE41C1F31C3006CB9D6 = {
			isa = PBXGroup;
			children = (
				B811FDEF1C1F31C3006CB9D6 /* RSKGrowingTextViewExample */,
				B811FE041C1F31C4006CB9D6 /* RSKGrowingTextViewExampleUITests */,
				B811FE111C1F33A6006CB9D6 /* Vendor */,
				B811FDEE1C1F31C3006CB9D6 /* Products */,
				5C6E4F4811C476C4321E8043 /* Pods */,
				2FC5EBDEA5F220A5F80E81B1 /* Frameworks */,
			);
			sourceTree = "<group>";
		};
		B811FDEE1C1F31C3006CB9D6 /* Products */ = {
			isa = PBXGroup;
			children = (
				B811FDED1C1F31C3006CB9D6 /* RSKGrowingTextViewExample.app */,
				B811FE011C1F31C4006CB9D6 /* RSKGrowingTextViewExampleUITests.xctest */,
			);
			name = Products;
			sourceTree = "<group>";
		};
		B811FDEF1C1F31C3006CB9D6 /* RSKGrowingTextViewExample */ = {
			isa = PBXGroup;
			children = (
				B811FDF01C1F31C3006CB9D6 /* AppDelegate.swift */,
				B89639071C3A50D600270ECF /* RSKGrowingTextViewExample-Bridging-Header.h */,
				B811FDF21C1F31C3006CB9D6 /* ViewController.swift */,
				B811FDF41C1F31C3006CB9D6 /* Main.storyboard */,
				B811FDF71C1F31C3006CB9D6 /* Assets.xcassets */,
				B811FDF91C1F31C3006CB9D6 /* LaunchScreen.storyboard */,
				B811FDFC1C1F31C3006CB9D6 /* Info.plist */,
			);
			path = RSKGrowingTextViewExample;
			sourceTree = "<group>";
		};
		B811FE041C1F31C4006CB9D6 /* RSKGrowingTextViewExampleUITests */ = {
			isa = PBXGroup;
			children = (
				B811FE051C1F31C4006CB9D6 /* RSKGrowingTextViewExampleUITests.swift */,
				B811FE071C1F31C4006CB9D6 /* Info.plist */,
			);
			path = RSKGrowingTextViewExampleUITests;
			sourceTree = "<group>";
		};
		B811FE111C1F33A6006CB9D6 /* Vendor */ = {
			isa = PBXGroup;
			children = (
				B811FE121C1F33BE006CB9D6 /* RSKGrowingTextView */,
			);
			name = Vendor;
			sourceTree = "<group>";
		};
		B811FE121C1F33BE006CB9D6 /* RSKGrowingTextView */ = {
			isa = PBXGroup;
			children = (
				B89639061C3A508200270ECF /* RSKGrowingTextView.h */,
				B811FE131C1F33BE006CB9D6 /* RSKGrowingTextView.swift */,
			);
			name = RSKGrowingTextView;
			path = ../RSKGrowingTextView;
			sourceTree = "<group>";
		};
/* End PBXGroup section */

/* Begin PBXNativeTarget section */
		B811FDEC1C1F31C3006CB9D6 /* RSKGrowingTextViewExample */ = {
			isa = PBXNativeTarget;
			buildConfigurationList = B811FE0A1C1F31C4006CB9D6 /* Build configuration list for PBXNativeTarget "RSKGrowingTextViewExample" */;
			buildPhases = (
				3462999850D755F6A3401393 /* 📦 Check Pods Manifest.lock */,
				B811FDE91C1F31C3006CB9D6 /* Sources */,
				B811FDEA1C1F31C3006CB9D6 /* Frameworks */,
				B811FDEB1C1F31C3006CB9D6 /* Resources */,
				5B511F2915D467D482D8DD54 /* 📦 Embed Pods Frameworks */,
				866343E76BCD98133BD3B811 /* 📦 Copy Pods Resources */,
			);
			buildRules = (
			);
			dependencies = (
			);
			name = RSKGrowingTextViewExample;
			productName = RSKGrowingTextViewExample;
			productReference = B811FDED1C1F31C3006CB9D6 /* RSKGrowingTextViewExample.app */;
			productType = "com.apple.product-type.application";
		};
		B811FE001C1F31C3006CB9D6 /* RSKGrowingTextViewExampleUITests */ = {
			isa = PBXNativeTarget;
			buildConfigurationList = B811FE0D1C1F31C4006CB9D6 /* Build configuration list for PBXNativeTarget "RSKGrowingTextViewExampleUITests" */;
			buildPhases = (
				B811FDFD1C1F31C3006CB9D6 /* Sources */,
				B811FDFE1C1F31C3006CB9D6 /* Frameworks */,
				B811FDFF1C1F31C3006CB9D6 /* Resources */,
			);
			buildRules = (
			);
			dependencies = (
				B811FE031C1F31C4006CB9D6 /* PBXTargetDependency */,
			);
			name = RSKGrowingTextViewExampleUITests;
			productName = RSKGrowingTextViewExampleUITests;
			productReference = B811FE011C1F31C4006CB9D6 /* RSKGrowingTextViewExampleUITests.xctest */;
			productType = "com.apple.product-type.bundle.ui-testing";
		};
/* End PBXNativeTarget section */

/* Begin PBXProject section */
		B811FDE51C1F31C3006CB9D6 /* Project object */ = {
			isa = PBXProject;
			attributes = {
				LastSwiftUpdateCheck = 0720;
				LastUpgradeCheck = 0720;
				ORGANIZATIONNAME = "Ruslan Skorb";
				TargetAttributes = {
					B811FDEC1C1F31C3006CB9D6 = {
						CreatedOnToolsVersion = 7.2;
					};
					B811FE001C1F31C3006CB9D6 = {
						CreatedOnToolsVersion = 7.2;
						TestTargetID = B811FDEC1C1F31C3006CB9D6;
					};
				};
			};
			buildConfigurationList = B811FDE81C1F31C3006CB9D6 /* Build configuration list for PBXProject "RSKGrowingTextViewExample" */;
			compatibilityVersion = "Xcode 3.2";
			developmentRegion = English;
			hasScannedForEncodings = 0;
			knownRegions = (
				en,
				Base,
			);
			mainGroup = B811FDE41C1F31C3006CB9D6;
			productRefGroup = B811FDEE1C1F31C3006CB9D6 /* Products */;
			projectDirPath = "";
			projectRoot = "";
			targets = (
				B811FDEC1C1F31C3006CB9D6 /* RSKGrowingTextViewExample */,
				B811FE001C1F31C3006CB9D6 /* RSKGrowingTextViewExampleUITests */,
			);
		};
/* End PBXProject section */

/* Begin PBXResourcesBuildPhase section */
		B811FDEB1C1F31C3006CB9D6 /* Resources */ = {
			isa = PBXResourcesBuildPhase;
			buildActionMask = 2147483647;
			files = (
				B811FDFB1C1F31C3006CB9D6 /* LaunchScreen.storyboard in Resources */,
				B811FDF81C1F31C3006CB9D6 /* Assets.xcassets in Resources */,
				B811FDF61C1F31C3006CB9D6 /* Main.storyboard in Resources */,
			);
			runOnlyForDeploymentPostprocessing = 0;
		};
		B811FDFF1C1F31C3006CB9D6 /* Resources */ = {
			isa = PBXResourcesBuildPhase;
			buildActionMask = 2147483647;
			files = (
			);
			runOnlyForDeploymentPostprocessing = 0;
		};
/* End PBXResourcesBuildPhase section */

/* Begin PBXShellScriptBuildPhase section */
		3462999850D755F6A3401393 /* 📦 Check Pods Manifest.lock */ = {
			isa = PBXShellScriptBuildPhase;
			buildActionMask = 2147483647;
			files = (
			);
			inputPaths = (
			);
			name = "📦 Check Pods Manifest.lock";
			outputPaths = (
			);
			runOnlyForDeploymentPostprocessing = 0;
			shellPath = /bin/sh;
			shellScript = "diff \"${PODS_ROOT}/../Podfile.lock\" \"${PODS_ROOT}/Manifest.lock\" > /dev/null\nif [[ $? != 0 ]] ; then\n    cat << EOM\nerror: The sandbox is not in sync with the Podfile.lock. Run 'pod install' or update your CocoaPods installation.\nEOM\n    exit 1\nfi\n";
			showEnvVarsInLog = 0;
		};
		5B511F2915D467D482D8DD54 /* 📦 Embed Pods Frameworks */ = {
			isa = PBXShellScriptBuildPhase;
			buildActionMask = 2147483647;
			files = (
			);
			inputPaths = (
			);
			name = "📦 Embed Pods Frameworks";
			outputPaths = (
			);
			runOnlyForDeploymentPostprocessing = 0;
			shellPath = /bin/sh;
			shellScript = "\"${SRCROOT}/Pods/Target Support Files/Pods-RSKGrowingTextViewExample/Pods-RSKGrowingTextViewExample-frameworks.sh\"\n";
			showEnvVarsInLog = 0;
		};
		866343E76BCD98133BD3B811 /* 📦 Copy Pods Resources */ = {
			isa = PBXShellScriptBuildPhase;
			buildActionMask = 2147483647;
			files = (
			);
			inputPaths = (
			);
			name = "📦 Copy Pods Resources";
			outputPaths = (
			);
			runOnlyForDeploymentPostprocessing = 0;
			shellPath = /bin/sh;
			shellScript = "\"${SRCROOT}/Pods/Target Support Files/Pods-RSKGrowingTextViewExample/Pods-RSKGrowingTextViewExample-resources.sh\"\n";
			showEnvVarsInLog = 0;
		};
/* End PBXShellScriptBuildPhase section */

/* Begin PBXSourcesBuildPhase section */
		B811FDE91C1F31C3006CB9D6 /* Sources */ = {
			isa = PBXSourcesBuildPhase;
			buildActionMask = 2147483647;
			files = (
				B811FDF31C1F31C3006CB9D6 /* ViewController.swift in Sources */,
				B811FE141C1F33BE006CB9D6 /* RSKGrowingTextView.swift in Sources */,
				B811FDF11C1F31C3006CB9D6 /* AppDelegate.swift in Sources */,
			);
			runOnlyForDeploymentPostprocessing = 0;
		};
		B811FDFD1C1F31C3006CB9D6 /* Sources */ = {
			isa = PBXSourcesBuildPhase;
			buildActionMask = 2147483647;
			files = (
				B811FE061C1F31C4006CB9D6 /* RSKGrowingTextViewExampleUITests.swift in Sources */,
			);
			runOnlyForDeploymentPostprocessing = 0;
		};
/* End PBXSourcesBuildPhase section */

/* Begin PBXTargetDependency section */
		B811FE031C1F31C4006CB9D6 /* PBXTargetDependency */ = {
			isa = PBXTargetDependency;
			target = B811FDEC1C1F31C3006CB9D6 /* RSKGrowingTextViewExample */;
			targetProxy = B811FE021C1F31C4006CB9D6 /* PBXContainerItemProxy */;
		};
/* End PBXTargetDependency section */

/* Begin PBXVariantGroup section */
		B811FDF41C1F31C3006CB9D6 /* Main.storyboard */ = {
			isa = PBXVariantGroup;
			children = (
				B811FDF51C1F31C3006CB9D6 /* Base */,
			);
			name = Main.storyboard;
			sourceTree = "<group>";
		};
		B811FDF91C1F31C3006CB9D6 /* LaunchScreen.storyboard */ = {
			isa = PBXVariantGroup;
			children = (
				B811FDFA1C1F31C3006CB9D6 /* Base */,
			);
			name = LaunchScreen.storyboard;
			sourceTree = "<group>";
		};
/* End PBXVariantGroup section */

/* Begin XCBuildConfiguration section */
		B811FE081C1F31C4006CB9D6 /* Debug */ = {
			isa = XCBuildConfiguration;
			buildSettings = {
				ALWAYS_SEARCH_USER_PATHS = NO;
				CLANG_CXX_LANGUAGE_STANDARD = "gnu++0x";
				CLANG_CXX_LIBRARY = "libc++";
				CLANG_ENABLE_MODULES = YES;
				CLANG_ENABLE_OBJC_ARC = YES;
				CLANG_WARN_BOOL_CONVERSION = YES;
				CLANG_WARN_CONSTANT_CONVERSION = YES;
				CLANG_WARN_DIRECT_OBJC_ISA_USAGE = YES_ERROR;
				CLANG_WARN_EMPTY_BODY = YES;
				CLANG_WARN_ENUM_CONVERSION = YES;
				CLANG_WARN_INT_CONVERSION = YES;
				CLANG_WARN_OBJC_ROOT_CLASS = YES_ERROR;
				CLANG_WARN_UNREACHABLE_CODE = YES;
				CLANG_WARN__DUPLICATE_METHOD_MATCH = YES;
				"CODE_SIGN_IDENTITY[sdk=iphoneos*]" = "iPhone Developer";
				COPY_PHASE_STRIP = NO;
				DEBUG_INFORMATION_FORMAT = dwarf;
				ENABLE_STRICT_OBJC_MSGSEND = YES;
				ENABLE_TESTABILITY = YES;
				GCC_C_LANGUAGE_STANDARD = gnu99;
				GCC_DYNAMIC_NO_PIC = NO;
				GCC_NO_COMMON_BLOCKS = YES;
				GCC_OPTIMIZATION_LEVEL = 0;
				GCC_PREPROCESSOR_DEFINITIONS = (
					"DEBUG=1",
					"$(inherited)",
				);
				GCC_WARN_64_TO_32_BIT_CONVERSION = YES;
				GCC_WARN_ABOUT_RETURN_TYPE = YES_ERROR;
				GCC_WARN_UNDECLARED_SELECTOR = YES;
				GCC_WARN_UNINITIALIZED_AUTOS = YES_AGGRESSIVE;
				GCC_WARN_UNUSED_FUNCTION = YES;
				GCC_WARN_UNUSED_VARIABLE = YES;
				IPHONEOS_DEPLOYMENT_TARGET = 9.2;
				MTL_ENABLE_DEBUG_INFO = YES;
				ONLY_ACTIVE_ARCH = YES;
				SDKROOT = iphoneos;
				SWIFT_OPTIMIZATION_LEVEL = "-Onone";
			};
			name = Debug;
		};
		B811FE091C1F31C4006CB9D6 /* Release */ = {
			isa = XCBuildConfiguration;
			buildSettings = {
				ALWAYS_SEARCH_USER_PATHS = NO;
				CLANG_CXX_LANGUAGE_STANDARD = "gnu++0x";
				CLANG_CXX_LIBRARY = "libc++";
				CLANG_ENABLE_MODULES = YES;
				CLANG_ENABLE_OBJC_ARC = YES;
				CLANG_WARN_BOOL_CONVERSION = YES;
				CLANG_WARN_CONSTANT_CONVERSION = YES;
				CLANG_WARN_DIRECT_OBJC_ISA_USAGE = YES_ERROR;
				CLANG_WARN_EMPTY_BODY = YES;
				CLANG_WARN_ENUM_CONVERSION = YES;
				CLANG_WARN_INT_CONVERSION = YES;
				CLANG_WARN_OBJC_ROOT_CLASS = YES_ERROR;
				CLANG_WARN_UNREACHABLE_CODE = YES;
				CLANG_WARN__DUPLICATE_METHOD_MATCH = YES;
				"CODE_SIGN_IDENTITY[sdk=iphoneos*]" = "iPhone Developer";
				COPY_PHASE_STRIP = NO;
				DEBUG_INFORMATION_FORMAT = "dwarf-with-dsym";
				ENABLE_NS_ASSERTIONS = NO;
				ENABLE_STRICT_OBJC_MSGSEND = YES;
				GCC_C_LANGUAGE_STANDARD = gnu99;
				GCC_NO_COMMON_BLOCKS = YES;
				GCC_WARN_64_TO_32_BIT_CONVERSION = YES;
				GCC_WARN_ABOUT_RETURN_TYPE = YES_ERROR;
				GCC_WARN_UNDECLARED_SELECTOR = YES;
				GCC_WARN_UNINITIALIZED_AUTOS = YES_AGGRESSIVE;
				GCC_WARN_UNUSED_FUNCTION = YES;
				GCC_WARN_UNUSED_VARIABLE = YES;
				IPHONEOS_DEPLOYMENT_TARGET = 9.2;
				MTL_ENABLE_DEBUG_INFO = NO;
				SDKROOT = iphoneos;
				VALIDATE_PRODUCT = YES;
			};
			name = Release;
		};
		B811FE0B1C1F31C4006CB9D6 /* Debug */ = {
			isa = XCBuildConfiguration;
			baseConfigurationReference = 48E3C5834528672165C6E633 /* Pods-RSKGrowingTextViewExample.debug.xcconfig */;
			buildSettings = {
				ASSETCATALOG_COMPILER_APPICON_NAME = AppIcon;
				INFOPLIST_FILE = RSKGrowingTextViewExample/Info.plist;
				LD_RUNPATH_SEARCH_PATHS = "$(inherited) @executable_path/Frameworks";
				PRODUCT_BUNDLE_IDENTIFIER = com.ruslanskorb.RSKGrowingTextViewExample;
				PRODUCT_NAME = "$(TARGET_NAME)";
				SWIFT_OBJC_BRIDGING_HEADER = "RSKGrowingTextViewExample/RSKGrowingTextViewExample-Bridging-Header.h";
			};
			name = Debug;
		};
		B811FE0C1C1F31C4006CB9D6 /* Release */ = {
			isa = XCBuildConfiguration;
			baseConfigurationReference = 2648B6332756FC24D0CD8128 /* Pods-RSKGrowingTextViewExample.release.xcconfig */;
			buildSettings = {
				ASSETCATALOG_COMPILER_APPICON_NAME = AppIcon;
				INFOPLIST_FILE = RSKGrowingTextViewExample/Info.plist;
				LD_RUNPATH_SEARCH_PATHS = "$(inherited) @executable_path/Frameworks";
				PRODUCT_BUNDLE_IDENTIFIER = com.ruslanskorb.RSKGrowingTextViewExample;
				PRODUCT_NAME = "$(TARGET_NAME)";
				SWIFT_OBJC_BRIDGING_HEADER = "RSKGrowingTextViewExample/RSKGrowingTextViewExample-Bridging-Header.h";
			};
			name = Release;
		};
		B811FE0E1C1F31C4006CB9D6 /* Debug */ = {
			isa = XCBuildConfiguration;
			buildSettings = {
				INFOPLIST_FILE = RSKGrowingTextViewExampleUITests/Info.plist;
				LD_RUNPATH_SEARCH_PATHS = "$(inherited) @executable_path/Frameworks @loader_path/Frameworks";
				PRODUCT_BUNDLE_IDENTIFIER = com.ruslanskorb.RSKGrowingTextViewExampleUITests;
				PRODUCT_NAME = "$(TARGET_NAME)";
				TEST_TARGET_NAME = RSKGrowingTextViewExample;
				USES_XCTRUNNER = YES;
			};
			name = Debug;
		};
		B811FE0F1C1F31C4006CB9D6 /* Release */ = {
			isa = XCBuildConfiguration;
			buildSettings = {
				INFOPLIST_FILE = RSKGrowingTextViewExampleUITests/Info.plist;
				LD_RUNPATH_SEARCH_PATHS = "$(inherited) @executable_path/Frameworks @loader_path/Frameworks";
				PRODUCT_BUNDLE_IDENTIFIER = com.ruslanskorb.RSKGrowingTextViewExampleUITests;
				PRODUCT_NAME = "$(TARGET_NAME)";
				TEST_TARGET_NAME = RSKGrowingTextViewExample;
				USES_XCTRUNNER = YES;
			};
			name = Release;
		};
/* End XCBuildConfiguration section */

/* Begin XCConfigurationList section */
		B811FDE81C1F31C3006CB9D6 /* Build configuration list for PBXProject "RSKGrowingTextViewExample" */ = {
			isa = XCConfigurationList;
			buildConfigurations = (
				B811FE081C1F31C4006CB9D6 /* Debug */,
				B811FE091C1F31C4006CB9D6 /* Release */,
			);
			defaultConfigurationIsVisible = 0;
			defaultConfigurationName = Release;
		};
		B811FE0A1C1F31C4006CB9D6 /* Build configuration list for PBXNativeTarget "RSKGrowingTextViewExample" */ = {
			isa = XCConfigurationList;
			buildConfigurations = (
				B811FE0B1C1F31C4006CB9D6 /* Debug */,
				B811FE0C1C1F31C4006CB9D6 /* Release */,
			);
			defaultConfigurationIsVisible = 0;
			defaultConfigurationName = Release;
		};
		B811FE0D1C1F31C4006CB9D6 /* Build configuration list for PBXNativeTarget "RSKGrowingTextViewExampleUITests" */ = {
			isa = XCConfigurationList;
			buildConfigurations = (
				B811FE0E1C1F31C4006CB9D6 /* Debug */,
				B811FE0F1C1F31C4006CB9D6 /* Release */,
			);
			defaultConfigurationIsVisible = 0;
			defaultConfigurationName = Release;
		};
/* End XCConfigurationList section */
	};
	rootObject = B811FDE51C1F31C3006CB9D6 /* Project object */;
}
