{
  "pins" : [
    {
      "identity" : "rskplaceholdertextview",
      "kind" : "remoteSourceControl",
      "location" : "https://github.com/ruslanskorb/RSKPlaceholderTextView",
      "state" : {
        "branch" : "develop",
        "revision" : "595eecf1c17223c87d50b5a14caceb236a51746f"
      }
    }
  ],
  "version" : 2
}
