PODS:
  - RSKKeyboardAnimationObserver (1.0.0)
  - RSKPlaceholderTextView (4.0.0)

DEPENDENCIES:
  - RSKKeyboardAnimationObserver (= 1.0.0)
  - RSKPlaceholderTextView (= 4.0.0)

SPEC REPOS:
  https://github.com/cocoapods/specs.git:
    - RSKKeyboardAnimationObserver
    - RSKPlaceholderTextView

SPEC CHECKSUMS:
  RSKKeyboardAnimationObserver: 0bdbc5235a96ce6d1e6143998214160c7f7c9b37
  RSKPlaceholderTextView: 15f1dc1883e103ea605874b863f19ff6b08496d5

PODFILE CHECKSUM: 6ebc19d5a18e2dd77e9088808d364ac3eff4615d

COCOAPODS: 1.5.3
